
Microsoft Visual Studio Solution File, Format Version 12.00
# Visual Studio Version 16
VisualStudioVersion = 16.0.31019.35
MinimumVisualStudioVersion = 10.0.40219.1
Project("{FAE04EC0-301F-11D3-BF4B-00C04F79EFBC}") = "Labirint", "Labirint.csproj", "{F4C1BCC5-4E05-44E3-AF3B-F44E43525735}"
EndProject
Global
	GlobalSection(SolutionConfigurationPlatforms) = preSolution
		Debug|Any CPU = Debug|Any CPU
		Release|Any CPU = Release|Any CPU
	EndGlobalSection
	GlobalSection(ProjectConfigurationPlatforms) = postSolution
		{F4C1BCC5-4E05-44E3-AF3B-F44E43525735}.Debug|Any CPU.ActiveCfg = Debug|Any CPU
		{F4C1BCC5-4E05-44E3-AF3B-F44E43525735}.Debug|Any CPU.Build.0 = Debug|Any CPU
		{F4C1BCC5-4E05-44E3-AF3B-F44E43525735}.Release|Any CPU.ActiveCfg = Release|Any CPU
		{F4C1BCC5-4E05-44E3-AF3B-F44E43525735}.Release|Any CPU.Build.0 = Release|Any CPU
	EndGlobalSection
	GlobalSection(SolutionProperties) = preSolution
		HideSolutionNode = FALSE
	EndGlobalSection
	GlobalSection(ExtensibilityGlobals) = postSolution
		SolutionGuid = {2754A729-B8DB-4FAA-ABCC-4D119391870E}
	EndGlobalSection
EndGlobal
